
Microsoft Visual Studio Solution File, Format Version 12.00
# Visual Studio Version 17
VisualStudioVersion = 17.11.35312.102
MinimumVisualStudioVersion = 10.0.40219.1
Project("{FAE04EC0-301F-11D3-BF4B-00C04F79EFBC}") = "curse3.2", "curse3.2\curse3.2.csproj", "{31131278-9B88-4821-985A-27DE9EFD00A8}"
EndProject
Global
	GlobalSection(SolutionConfigurationPlatforms) = preSolution
		Debug|Any CPU = Debug|Any CPU
		Release|Any CPU = Release|Any CPU
	EndGlobalSection
	GlobalSection(ProjectConfigurationPlatforms) = postSolution
		{31131278-9B88-4821-985A-27DE9EFD00A8}.Debug|Any CPU.ActiveCfg = Debug|Any CPU
		{31131278-9B88-4821-985A-27DE9EFD00A8}.Debug|Any CPU.Build.0 = Debug|Any CPU
		{31131278-9B88-4821-985A-27DE9EFD00A8}.Release|Any CPU.ActiveCfg = Release|Any CPU
		{31131278-9B88-4821-985A-27DE9EFD00A8}.Release|Any CPU.Build.0 = Release|Any CPU
	EndGlobalSection
	GlobalSection(SolutionProperties) = preSolution
		HideSolutionNode = FALSE
	EndGlobalSection
	GlobalSection(ExtensibilityGlobals) = postSolution
		SolutionGuid = {5F1D7DCF-EEC3-4367-ADDA-A59EA4B8C2E8}
	EndGlobalSection
EndGlobal
